PODS:
  - FBAEMKit (13.0.0):
    - FBSDKCoreKit_Basics (= 13.0.0)
  - FBSDKCoreKit (13.0.0):
    - FBAEMKit (= 13.0.0)
    - FBSDKCoreKit_Basics (= 13.0.0)
  - FBSDKCoreKit_Basics (13.0.0)
  - RudderFacebookAppEvents (1.0.0):
    - FBSDKCoreKit (= 13.0.0)
    - RudderStack
  - RudderStack (1.0.0-beta.3)

DEPENDENCIES:
  - FBSDKCoreKit (= 13.0.0)
  - RudderFacebookAppEvents (from `.`)
  - RudderStack (from `~/Documents/Rudder/RudderStack-Swift/`)

SPEC REPOS:
  trunk:
    - FBAEMKit
    - FBSDKCoreKit
    - FBSDKCoreKit_Basics

EXTERNAL SOURCES:
  RudderFacebookAppEvents:
    :path: "."
  RudderStack:
    :path: "~/Documents/Rudder/RudderStack-Swift/"

SPEC CHECKSUMS:
  FBAEMKit: 11a0bcdc7a88e26ed764bcf56372afc6cbbbdcd9
  FBSDKCoreKit: 00e1e751257e1005304fa29cb683d2dfe008f41a
  FBSDKCoreKit_Basics: 96ec2ddb67a032e54f0754ea3d59db6f84f42389
  RudderFacebookAppEvents: 9305713b02d35f9993f6f534287318717464bcd3
  RudderStack: 7e120a03736b0021f56a504c0966b95ffa9f5bcb

PODFILE CHECKSUM: bdba0679dae0159b0cbe1ed71af55653682194fa

COCOAPODS: 1.11.2
