PODS:
  - FBAEMKit (17.0.2):
    - FBSDKCoreKit_Basics (= 17.0.2)
  - FBSDKCoreKit (17.0.2):
    - FBAEMKit (= 17.0.2)
    - FBSDKCoreKit_Basics (= 17.0.2)
  - FBSDKCoreKit_Basics (17.0.2)
  - Rudder (2.4.0)
  - RudderFacebookAppEvents (1.2.0):
    - FBSDKCoreKit (= 17.0.2)
    - Rudder (~> 2.0)

DEPENDENCIES:
  - FBSDKCoreKit (= 17.0.2)
  - Rudder (~> 2.0)
  - RudderFacebookAppEvents (from `.`)

SPEC REPOS:
  https://github.com/CocoaPods/Specs.git:
    - FBAEMKit
    - FBSDKCoreKit
    - FBSDKCoreKit_Basics
    - Rudder

EXTERNAL SOURCES:
  RudderFacebookAppEvents:
    :path: "."

SPEC CHECKSUMS:
  FBAEMKit: 619f96ea65427e8afca240d5b0f4703738dfdf5c
  FBSDKCoreKit: a5f384db2e9ee84e98494fed8f983d2bd79accff
  FBSDKCoreKit_Basics: d35c775aaf243a2d731dfae7be3a74b1987285ab
  Rudder: 7595af0282d02a88dd61816415d4b28cba16a195
  RudderFacebookAppEvents: a1cef8877a9e59076feaa8acde76479ced245213

PODFILE CHECKSUM: 2659f6cf77a7d14bb25ee09b6f1e714a366a50c5

COCOAPODS: 1.15.2
