PODS:
  - FBAEMKit (13.0.0):
    - FBSDKCoreKit_Basics (= 13.0.0)
  - FBSDKCoreKit (13.0.0):
    - FBAEMKit (= 13.0.0)
    - FBSDKCoreKit_Basics (= 13.0.0)
  - FBSDKCoreKit_Basics (13.0.0)
  - Rudder (2.0.1)
  - RudderFacebookAppEvents (1.0.0):
    - FBSDKCoreKit (= 13.0.0)
    - Rudder (~> 2.0.1)

DEPENDENCIES:
  - FBSDKCoreKit (= 13.0.0)
  - Rudder (~> 2.0.1)
  - RudderFacebookAppEvents (from `.`)

SPEC REPOS:
  https://github.com/CocoaPods/Specs.git:
    - FBAEMKit
    - FBSDKCoreKit
    - FBSDKCoreKit_Basics
    - Rudder

EXTERNAL SOURCES:
  RudderFacebookAppEvents:
    :path: "."

SPEC CHECKSUMS:
  FBAEMKit: 11a0bcdc7a88e26ed764bcf56372afc6cbbbdcd9
  FBSDKCoreKit: 00e1e751257e1005304fa29cb683d2dfe008f41a
  FBSDKCoreKit_Basics: 96ec2ddb67a032e54f0754ea3d59db6f84f42389
  Rudder: 463af33116984b97f2a19d344e9ad491f164e43e
  RudderFacebookAppEvents: b0d12743ce4e006de755b2bce1ef37474b0776c2

PODFILE CHECKSUM: 0ccdf204815b52c5b9d44954ae129f32ff0df3a2

COCOAPODS: 1.11.3
